
Microsoft Visual Studio Solution File, Format Version 12.00
# Visual Studio Version 17
VisualStudioVersion = 17.9.34607.119
MinimumVisualStudioVersion = 10.0.40219.1
Project("{FAE04EC0-301F-11D3-BF4B-00C04F79EFBC}") = "dapper", "dapper\dapper.csproj", "{06414D39-4FE2-4B89-B47D-28B65B297296}"
EndProject
Global
	GlobalSection(SolutionConfigurationPlatforms) = preSolution
		Debug|Any CPU = Debug|Any CPU
		Release|Any CPU = Release|Any CPU
	EndGlobalSection
	GlobalSection(ProjectConfigurationPlatforms) = postSolution
		{06414D39-4FE2-4B89-B47D-28B65B297296}.Debug|Any CPU.ActiveCfg = Debug|Any CPU
		{06414D39-4FE2-4B89-B47D-28B65B297296}.Debug|Any CPU.Build.0 = Debug|Any CPU
		{06414D39-4FE2-4B89-B47D-28B65B297296}.Release|Any CPU.ActiveCfg = Release|Any CPU
		{06414D39-4FE2-4B89-B47D-28B65B297296}.Release|Any CPU.Build.0 = Release|Any CPU
	EndGlobalSection
	GlobalSection(SolutionProperties) = preSolution
		HideSolutionNode = FALSE
	EndGlobalSection
	GlobalSection(ExtensibilityGlobals) = postSolution
		SolutionGuid = {362C96F5-060F-4397-A1EB-4494C960CC50}
	EndGlobalSection
EndGlobal
